// !$*UTF8*$!
{
	archiveVersion = 1;
	classes = {
	};
	objectVersion = 55;
	objects = {

/* Begin PBXBuildFile section */
		0B3E3395996DD181E3715588 /* Pods_TodayInSpaceHistory.framework in Frameworks */ = {isa = PBXBuildFile; fileRef = 9D5481C135ECA4A90DCA92B7 /* Pods_TodayInSpaceHistory.framework */; };
		D00F76DF2700A4700093E2E4 /* AppDelegate.swift in Sources */ = {isa = PBXBuildFile; fileRef = D00F76DE2700A4700093E2E4 /* AppDelegate.swift */; };
		D00F76E12700A4700093E2E4 /* SceneDelegate.swift in Sources */ = {isa = PBXBuildFile; fileRef = D00F76E02700A4700093E2E4 /* SceneDelegate.swift */; };
		D00F76E32700A4700093E2E4 /* WelcomeViewController.swift in Sources */ = {isa = PBXBuildFile; fileRef = D00F76E22700A4700093E2E4 /* WelcomeViewController.swift */; };
		D00F76E82700A4710093E2E4 /* Assets.xcassets in Resources */ = {isa = PBXBuildFile; fileRef = D00F76E72700A4710093E2E4 /* Assets.xcassets */; };
		D00F76F72700A8550093E2E4 /* CustomTextField.swift in Sources */ = {isa = PBXBuildFile; fileRef = D00F76F52700A8550093E2E4 /* CustomTextField.swift */; };
		D00F76F82700A8550093E2E4 /* CustomViewController.swift in Sources */ = {isa = PBXBuildFile; fileRef = D00F76F62700A8550093E2E4 /* CustomViewController.swift */; };
		D00F76FA2700A8640093E2E4 /* WelcomeView.swift in Sources */ = {isa = PBXBuildFile; fileRef = D00F76F92700A8640093E2E4 /* WelcomeView.swift */; };
		D00F76FE2700B1FF0093E2E4 /* Constants.swift in Sources */ = {isa = PBXBuildFile; fileRef = D00F76FD2700B1FF0093E2E4 /* Constants.swift */; };
		D00F77002700B6320093E2E4 /* DateExtension.swift in Sources */ = {isa = PBXBuildFile; fileRef = D00F76FF2700B6320093E2E4 /* DateExtension.swift */; };
		D00F77022700B7730093E2E4 /* HTTPRequestMaker.swift in Sources */ = {isa = PBXBuildFile; fileRef = D00F77012700B7730093E2E4 /* HTTPRequestMaker.swift */; };
		D00F77072700BBDB0093E2E4 /* MainViewViewModel.swift in Sources */ = {isa = PBXBuildFile; fileRef = D00F77062700BBDB0093E2E4 /* MainViewViewModel.swift */; };
		D00F770B2700C0160093E2E4 /* APIResponse.swift in Sources */ = {isa = PBXBuildFile; fileRef = D00F770A2700C0160093E2E4 /* APIResponse.swift */; };
		D0706A572703740A00CB1C89 /* Coordinator.swift in Sources */ = {isa = PBXBuildFile; fileRef = D0706A552703740A00CB1C89 /* Coordinator.swift */; };
		D0706A582703740A00CB1C89 /* MainCoordinator.swift in Sources */ = {isa = PBXBuildFile; fileRef = D0706A562703740A00CB1C89 /* MainCoordinator.swift */; };
		D0706A5A270374C500CB1C89 /* AlertController.swift in Sources */ = {isa = PBXBuildFile; fileRef = D0706A59270374C500CB1C89 /* AlertController.swift */; };
		D07490DB270B404A00122A62 /* Analytics.swift in Sources */ = {isa = PBXBuildFile; fileRef = D07490DA270B404A00122A62 /* Analytics.swift */; };
		D0DC916427071DE400D9F970 /* GoogleService-Info.plist in Resources */ = {isa = PBXBuildFile; fileRef = D0DC916327071DE400D9F970 /* GoogleService-Info.plist */; };
/* End PBXBuildFile section */

/* Begin PBXFileReference section */
		0C3E17BD098290C55EDC44FF /* Pods-TodayInSpaceHistory.release.xcconfig */ = {isa = PBXFileReference; includeInIndex = 1; lastKnownFileType = text.xcconfig; name = "Pods-TodayInSpaceHistory.release.xcconfig"; path = "Target Support Files/Pods-TodayInSpaceHistory/Pods-TodayInSpaceHistory.release.xcconfig"; sourceTree = "<group>"; };
		20706E40DFB7E930CF5C4680 /* Pods-TodayInSpaceHistory.debug.xcconfig */ = {isa = PBXFileReference; includeInIndex = 1; lastKnownFileType = text.xcconfig; name = "Pods-TodayInSpaceHistory.debug.xcconfig"; path = "Target Support Files/Pods-TodayInSpaceHistory/Pods-TodayInSpaceHistory.debug.xcconfig"; sourceTree = "<group>"; };
		9D5481C135ECA4A90DCA92B7 /* Pods_TodayInSpaceHistory.framework */ = {isa = PBXFileReference; explicitFileType = wrapper.framework; includeInIndex = 0; path = Pods_TodayInSpaceHistory.framework; sourceTree = BUILT_PRODUCTS_DIR; };
		D00F76DB2700A4700093E2E4 /* TodayInSpaceHistory.app */ = {isa = PBXFileReference; explicitFileType = wrapper.application; includeInIndex = 0; path = TodayInSpaceHistory.app; sourceTree = BUILT_PRODUCTS_DIR; };
		D00F76DE2700A4700093E2E4 /* AppDelegate.swift */ = {isa = PBXFileReference; lastKnownFileType = sourcecode.swift; path = AppDelegate.swift; sourceTree = "<group>"; };
		D00F76E02700A4700093E2E4 /* SceneDelegate.swift */ = {isa = PBXFileReference; lastKnownFileType = sourcecode.swift; path = SceneDelegate.swift; sourceTree = "<group>"; };
		D00F76E22700A4700093E2E4 /* WelcomeViewController.swift */ = {isa = PBXFileReference; lastKnownFileType = sourcecode.swift; path = WelcomeViewController.swift; sourceTree = "<group>"; };
		D00F76E72700A4710093E2E4 /* Assets.xcassets */ = {isa = PBXFileReference; lastKnownFileType = folder.assetcatalog; path = Assets.xcassets; sourceTree = "<group>"; };
		D00F76EC2700A4710093E2E4 /* Info.plist */ = {isa = PBXFileReference; lastKnownFileType = text.plist.xml; path = Info.plist; sourceTree = "<group>"; };
		D00F76F52700A8550093E2E4 /* CustomTextField.swift */ = {isa = PBXFileReference; fileEncoding = 4; lastKnownFileType = sourcecode.swift; path = CustomTextField.swift; sourceTree = "<group>"; };
		D00F76F62700A8550093E2E4 /* CustomViewController.swift */ = {isa = PBXFileReference; fileEncoding = 4; lastKnownFileType = sourcecode.swift; path = CustomViewController.swift; sourceTree = "<group>"; };
		D00F76F92700A8640093E2E4 /* WelcomeView.swift */ = {isa = PBXFileReference; lastKnownFileType = sourcecode.swift; path = WelcomeView.swift; sourceTree = "<group>"; };
		D00F76FD2700B1FF0093E2E4 /* Constants.swift */ = {isa = PBXFileReference; fileEncoding = 4; lastKnownFileType = sourcecode.swift; path = Constants.swift; sourceTree = "<group>"; };
		D00F76FF2700B6320093E2E4 /* DateExtension.swift */ = {isa = PBXFileReference; lastKnownFileType = sourcecode.swift; path = DateExtension.swift; sourceTree = "<group>"; };
		D00F77012700B7730093E2E4 /* HTTPRequestMaker.swift */ = {isa = PBXFileReference; lastKnownFileType = sourcecode.swift; path = HTTPRequestMaker.swift; sourceTree = "<group>"; };
		D00F77062700BBDB0093E2E4 /* MainViewViewModel.swift */ = {isa = PBXFileReference; lastKnownFileType = sourcecode.swift; path = MainViewViewModel.swift; sourceTree = "<group>"; };
		D00F770A2700C0160093E2E4 /* APIResponse.swift */ = {isa = PBXFileReference; lastKnownFileType = sourcecode.swift; path = APIResponse.swift; sourceTree = "<group>"; };
		D0706A552703740A00CB1C89 /* Coordinator.swift */ = {isa = PBXFileReference; fileEncoding = 4; lastKnownFileType = sourcecode.swift; path = Coordinator.swift; sourceTree = "<group>"; };
		D0706A562703740A00CB1C89 /* MainCoordinator.swift */ = {isa = PBXFileReference; fileEncoding = 4; lastKnownFileType = sourcecode.swift; path = MainCoordinator.swift; sourceTree = "<group>"; };
		D0706A59270374C500CB1C89 /* AlertController.swift */ = {isa = PBXFileReference; fileEncoding = 4; lastKnownFileType = sourcecode.swift; path = AlertController.swift; sourceTree = "<group>"; };
		D07490DA270B404A00122A62 /* Analytics.swift */ = {isa = PBXFileReference; lastKnownFileType = sourcecode.swift; path = Analytics.swift; sourceTree = "<group>"; };
		D0DC916327071DE400D9F970 /* GoogleService-Info.plist */ = {isa = PBXFileReference; fileEncoding = 4; lastKnownFileType = text.plist.xml; path = "GoogleService-Info.plist"; sourceTree = "<group>"; };
/* End PBXFileReference section */

/* Begin PBXFrameworksBuildPhase section */
		D00F76D82700A4700093E2E4 /* Frameworks */ = {
			isa = PBXFrameworksBuildPhase;
			buildActionMask = 2147483647;
			files = (
				0B3E3395996DD181E3715588 /* Pods_TodayInSpaceHistory.framework in Frameworks */,
			);
			runOnlyForDeploymentPostprocessing = 0;
		};
/* End PBXFrameworksBuildPhase section */

/* Begin PBXGroup section */
		08A839D255B5DF18B569F212 /* Frameworks */ = {
			isa = PBXGroup;
			children = (
				9D5481C135ECA4A90DCA92B7 /* Pods_TodayInSpaceHistory.framework */,
			);
			name = Frameworks;
			sourceTree = "<group>";
		};
		A7624D650BCC106439CF511A /* Pods */ = {
			isa = PBXGroup;
			children = (
				20706E40DFB7E930CF5C4680 /* Pods-TodayInSpaceHistory.debug.xcconfig */,
				0C3E17BD098290C55EDC44FF /* Pods-TodayInSpaceHistory.release.xcconfig */,
			);
			path = Pods;
			sourceTree = "<group>";
		};
		D00F76D22700A4700093E2E4 = {
			isa = PBXGroup;
			children = (
				D00F76DD2700A4700093E2E4 /* TodayInSpaceHistory */,
				D00F76DC2700A4700093E2E4 /* Products */,
				A7624D650BCC106439CF511A /* Pods */,
				08A839D255B5DF18B569F212 /* Frameworks */,
			);
			sourceTree = "<group>";
		};
		D00F76DC2700A4700093E2E4 /* Products */ = {
			isa = PBXGroup;
			children = (
				D00F76DB2700A4700093E2E4 /* TodayInSpaceHistory.app */,
			);
			name = Products;
			sourceTree = "<group>";
		};
		D00F76DD2700A4700093E2E4 /* TodayInSpaceHistory */ = {
			isa = PBXGroup;
			children = (
				D00F77032700BBA90093E2E4 /* DataModels */,
				D00F76F42700A8330093E2E4 /* Tools */,
				D00F76F32700A82B0093E2E4 /* Views */,
				D00F76F22700A8220093E2E4 /* CustomClasses */,
				D00F76DE2700A4700093E2E4 /* AppDelegate.swift */,
				D00F76E02700A4700093E2E4 /* SceneDelegate.swift */,
				D00F76E72700A4710093E2E4 /* Assets.xcassets */,
				D00F76EC2700A4710093E2E4 /* Info.plist */,
				D0DC916327071DE400D9F970 /* GoogleService-Info.plist */,
			);
			path = TodayInSpaceHistory;
			sourceTree = "<group>";
		};
		D00F76F22700A8220093E2E4 /* CustomClasses */ = {
			isa = PBXGroup;
			children = (
				D00F76F52700A8550093E2E4 /* CustomTextField.swift */,
				D00F76F62700A8550093E2E4 /* CustomViewController.swift */,
			);
			path = CustomClasses;
			sourceTree = "<group>";
		};
		D00F76F32700A82B0093E2E4 /* Views */ = {
			isa = PBXGroup;
			children = (
				D00F76F92700A8640093E2E4 /* WelcomeView.swift */,
				D00F76E22700A4700093E2E4 /* WelcomeViewController.swift */,
			);
			path = Views;
			sourceTree = "<group>";
		};
		D00F76F42700A8330093E2E4 /* Tools */ = {
			isa = PBXGroup;
			children = (
				D0706A552703740A00CB1C89 /* Coordinator.swift */,
				D0706A59270374C500CB1C89 /* AlertController.swift */,
				D0706A562703740A00CB1C89 /* MainCoordinator.swift */,
				D00F76FD2700B1FF0093E2E4 /* Constants.swift */,
				D00F76FF2700B6320093E2E4 /* DateExtension.swift */,
				D07490DA270B404A00122A62 /* Analytics.swift */,
				D00F77012700B7730093E2E4 /* HTTPRequestMaker.swift */,
			);
			path = Tools;
			sourceTree = "<group>";
		};
		D00F77032700BBA90093E2E4 /* DataModels */ = {
			isa = PBXGroup;
			children = (
				D00F770A2700C0160093E2E4 /* APIResponse.swift */,
				D00F77062700BBDB0093E2E4 /* MainViewViewModel.swift */,
			);
			path = DataModels;
			sourceTree = "<group>";
		};
/* End PBXGroup section */

/* Begin PBXNativeTarget section */
		D00F76DA2700A4700093E2E4 /* TodayInSpaceHistory */ = {
			isa = PBXNativeTarget;
			buildConfigurationList = D00F76EF2700A4710093E2E4 /* Build configuration list for PBXNativeTarget "TodayInSpaceHistory" */;
			buildPhases = (
				93775FB74166CEFA08C87022 /* [CP] Check Pods Manifest.lock */,
				D00F76D72700A4700093E2E4 /* Sources */,
				D00F76D82700A4700093E2E4 /* Frameworks */,
				D00F76D92700A4700093E2E4 /* Resources */,
				7F32E8F82A4BBB8A57D411F5 /* [CP] Embed Pods Frameworks */,
			);
			buildRules = (
			);
			dependencies = (
			);
			name = TodayInSpaceHistory;
			productName = TodayInSpaceHistory;
			productReference = D00F76DB2700A4700093E2E4 /* TodayInSpaceHistory.app */;
			productType = "com.apple.product-type.application";
		};
/* End PBXNativeTarget section */

/* Begin PBXProject section */
		D00F76D32700A4700093E2E4 /* Project object */ = {
			isa = PBXProject;
			attributes = {
				BuildIndependentTargetsInParallel = 1;
				LastSwiftUpdateCheck = 1300;
				LastUpgradeCheck = 1300;
				TargetAttributes = {
					D00F76DA2700A4700093E2E4 = {
						CreatedOnToolsVersion = 13.0;
					};
				};
			};
			buildConfigurationList = D00F76D62700A4700093E2E4 /* Build configuration list for PBXProject "TodayInSpaceHistory" */;
			compatibilityVersion = "Xcode 13.0";
			developmentRegion = en;
			hasScannedForEncodings = 0;
			knownRegions = (
				en,
				Base,
			);
			mainGroup = D00F76D22700A4700093E2E4;
			productRefGroup = D00F76DC2700A4700093E2E4 /* Products */;
			projectDirPath = "";
			projectRoot = "";
			targets = (
				D00F76DA2700A4700093E2E4 /* TodayInSpaceHistory */,
			);
		};
/* End PBXProject section */

/* Begin PBXResourcesBuildPhase section */
		D00F76D92700A4700093E2E4 /* Resources */ = {
			isa = PBXResourcesBuildPhase;
			buildActionMask = 2147483647;
			files = (
				D00F76E82700A4710093E2E4 /* Assets.xcassets in Resources */,
				D0DC916427071DE400D9F970 /* GoogleService-Info.plist in Resources */,
			);
			runOnlyForDeploymentPostprocessing = 0;
		};
/* End PBXResourcesBuildPhase section */

/* Begin PBXShellScriptBuildPhase section */
		7F32E8F82A4BBB8A57D411F5 /* [CP] Embed Pods Frameworks */ = {
			isa = PBXShellScriptBuildPhase;
			buildActionMask = 2147483647;
			files = (
			);
			inputFileListPaths = (
				"${PODS_ROOT}/Target Support Files/Pods-TodayInSpaceHistory/Pods-TodayInSpaceHistory-frameworks-${CONFIGURATION}-input-files.xcfilelist",
			);
			name = "[CP] Embed Pods Frameworks";
			outputFileListPaths = (
				"${PODS_ROOT}/Target Support Files/Pods-TodayInSpaceHistory/Pods-TodayInSpaceHistory-frameworks-${CONFIGURATION}-output-files.xcfilelist",
			);
			runOnlyForDeploymentPostprocessing = 0;
			shellPath = /bin/sh;
			shellScript = "\"${PODS_ROOT}/Target Support Files/Pods-TodayInSpaceHistory/Pods-TodayInSpaceHistory-frameworks.sh\"\n";
			showEnvVarsInLog = 0;
		};
		93775FB74166CEFA08C87022 /* [CP] Check Pods Manifest.lock */ = {
			isa = PBXShellScriptBuildPhase;
			buildActionMask = 2147483647;
			files = (
			);
			inputFileListPaths = (
			);
			inputPaths = (
				"${PODS_PODFILE_DIR_PATH}/Podfile.lock",
				"${PODS_ROOT}/Manifest.lock",
			);
			name = "[CP] Check Pods Manifest.lock";
			outputFileListPaths = (
			);
			outputPaths = (
				"$(DERIVED_FILE_DIR)/Pods-TodayInSpaceHistory-checkManifestLockResult.txt",
			);
			runOnlyForDeploymentPostprocessing = 0;
			shellPath = /bin/sh;
			shellScript = "diff \"${PODS_PODFILE_DIR_PATH}/Podfile.lock\" \"${PODS_ROOT}/Manifest.lock\" > /dev/null\nif [ $? != 0 ] ; then\n    # print error to STDERR\n    echo \"error: The sandbox is not in sync with the Podfile.lock. Run 'pod install' or update your CocoaPods installation.\" >&2\n    exit 1\nfi\n# This output is used by Xcode 'outputs' to avoid re-running this script phase.\necho \"SUCCESS\" > \"${SCRIPT_OUTPUT_FILE_0}\"\n";
			showEnvVarsInLog = 0;
		};
/* End PBXShellScriptBuildPhase section */

/* Begin PBXSourcesBuildPhase section */
		D00F76D72700A4700093E2E4 /* Sources */ = {
			isa = PBXSourcesBuildPhase;
			buildActionMask = 2147483647;
			files = (
				D00F76F72700A8550093E2E4 /* CustomTextField.swift in Sources */,
				D00F77002700B6320093E2E4 /* DateExtension.swift in Sources */,
				D00F77072700BBDB0093E2E4 /* MainViewViewModel.swift in Sources */,
				D00F76FA2700A8640093E2E4 /* WelcomeView.swift in Sources */,
				D0706A5A270374C500CB1C89 /* AlertController.swift in Sources */,
				D00F76E32700A4700093E2E4 /* WelcomeViewController.swift in Sources */,
				D00F770B2700C0160093E2E4 /* APIResponse.swift in Sources */,
				D00F76F82700A8550093E2E4 /* CustomViewController.swift in Sources */,
				D07490DB270B404A00122A62 /* Analytics.swift in Sources */,
				D00F76FE2700B1FF0093E2E4 /* Constants.swift in Sources */,
				D0706A572703740A00CB1C89 /* Coordinator.swift in Sources */,
				D00F77022700B7730093E2E4 /* HTTPRequestMaker.swift in Sources */,
				D0706A582703740A00CB1C89 /* MainCoordinator.swift in Sources */,
				D00F76DF2700A4700093E2E4 /* AppDelegate.swift in Sources */,
				D00F76E12700A4700093E2E4 /* SceneDelegate.swift in Sources */,
			);
			runOnlyForDeploymentPostprocessing = 0;
		};
/* End PBXSourcesBuildPhase section */

/* Begin XCBuildConfiguration section */
		D00F76ED2700A4710093E2E4 /* Debug */ = {
			isa = XCBuildConfiguration;
			buildSettings = {
				ALWAYS_SEARCH_USER_PATHS = NO;
				CLANG_ANALYZER_NONNULL = YES;
				CLANG_ANALYZER_NUMBER_OBJECT_CONVERSION = YES_AGGRESSIVE;
				CLANG_CXX_LANGUAGE_STANDARD = "gnu++17";
				CLANG_CXX_LIBRARY = "libc++";
				CLANG_ENABLE_MODULES = YES;
				CLANG_ENABLE_OBJC_ARC = YES;
				CLANG_ENABLE_OBJC_WEAK = YES;
				CLANG_WARN_BLOCK_CAPTURE_AUTORELEASING = YES;
				CLANG_WARN_BOOL_CONVERSION = YES;
				CLANG_WARN_COMMA = YES;
				CLANG_WARN_CONSTANT_CONVERSION = YES;
				CLANG_WARN_DEPRECATED_OBJC_IMPLEMENTATIONS = YES;
				CLANG_WARN_DIRECT_OBJC_ISA_USAGE = YES_ERROR;
				CLANG_WARN_DOCUMENTATION_COMMENTS = YES;
				CLANG_WARN_EMPTY_BODY = YES;
				CLANG_WARN_ENUM_CONVERSION = YES;
				CLANG_WARN_INFINITE_RECURSION = YES;
				CLANG_WARN_INT_CONVERSION = YES;
				CLANG_WARN_NON_LITERAL_NULL_CONVERSION = YES;
				CLANG_WARN_OBJC_IMPLICIT_RETAIN_SELF = YES;
				CLANG_WARN_OBJC_LITERAL_CONVERSION = YES;
				CLANG_WARN_OBJC_ROOT_CLASS = YES_ERROR;
				CLANG_WARN_QUOTED_INCLUDE_IN_FRAMEWORK_HEADER = YES;
				CLANG_WARN_RANGE_LOOP_ANALYSIS = YES;
				CLANG_WARN_STRICT_PROTOTYPES = YES;
				CLANG_WARN_SUSPICIOUS_MOVE = YES;
				CLANG_WARN_UNGUARDED_AVAILABILITY = YES_AGGRESSIVE;
				CLANG_WARN_UNREACHABLE_CODE = YES;
				CLANG_WARN__DUPLICATE_METHOD_MATCH = YES;
				COPY_PHASE_STRIP = NO;
				DEBUG_INFORMATION_FORMAT = dwarf;
				ENABLE_STRICT_OBJC_MSGSEND = YES;
				ENABLE_TESTABILITY = YES;
				GCC_C_LANGUAGE_STANDARD = gnu11;
				GCC_DYNAMIC_NO_PIC = NO;
				GCC_NO_COMMON_BLOCKS = YES;
				GCC_OPTIMIZATION_LEVEL = 0;
				GCC_PREPROCESSOR_DEFINITIONS = (
					"DEBUG=1",
					"$(inherited)",
				);
				GCC_WARN_64_TO_32_BIT_CONVERSION = YES;
				GCC_WARN_ABOUT_RETURN_TYPE = YES_ERROR;
				GCC_WARN_UNDECLARED_SELECTOR = YES;
				GCC_WARN_UNINITIALIZED_AUTOS = YES_AGGRESSIVE;
				GCC_WARN_UNUSED_FUNCTION = YES;
				GCC_WARN_UNUSED_VARIABLE = YES;
				IPHONEOS_DEPLOYMENT_TARGET = 15.0;
				MTL_ENABLE_DEBUG_INFO = INCLUDE_SOURCE;
				MTL_FAST_MATH = YES;
				ONLY_ACTIVE_ARCH = YES;
				SDKROOT = iphoneos;
				SWIFT_ACTIVE_COMPILATION_CONDITIONS = DEBUG;
				SWIFT_OPTIMIZATION_LEVEL = "-Onone";
				SWIFT_VERSION = 5.0;
			};
			name = Debug;
		};
		D00F76EE2700A4710093E2E4 /* Release */ = {
			isa = XCBuildConfiguration;
			buildSettings = {
				ALWAYS_SEARCH_USER_PATHS = NO;
				CLANG_ANALYZER_NONNULL = YES;
				CLANG_ANALYZER_NUMBER_OBJECT_CONVERSION = YES_AGGRESSIVE;
				CLANG_CXX_LANGUAGE_STANDARD = "gnu++17";
				CLANG_CXX_LIBRARY = "libc++";
				CLANG_ENABLE_MODULES = YES;
				CLANG_ENABLE_OBJC_ARC = YES;
				CLANG_ENABLE_OBJC_WEAK = YES;
				CLANG_WARN_BLOCK_CAPTURE_AUTORELEASING = YES;
				CLANG_WARN_BOOL_CONVERSION = YES;
				CLANG_WARN_COMMA = YES;
				CLANG_WARN_CONSTANT_CONVERSION = YES;
				CLANG_WARN_DEPRECATED_OBJC_IMPLEMENTATIONS = YES;
				CLANG_WARN_DIRECT_OBJC_ISA_USAGE = YES_ERROR;
				CLANG_WARN_DOCUMENTATION_COMMENTS = YES;
				CLANG_WARN_EMPTY_BODY = YES;
				CLANG_WARN_ENUM_CONVERSION = YES;
				CLANG_WARN_INFINITE_RECURSION = YES;
				CLANG_WARN_INT_CONVERSION = YES;
				CLANG_WARN_NON_LITERAL_NULL_CONVERSION = YES;
				CLANG_WARN_OBJC_IMPLICIT_RETAIN_SELF = YES;
				CLANG_WARN_OBJC_LITERAL_CONVERSION = YES;
				CLANG_WARN_OBJC_ROOT_CLASS = YES_ERROR;
				CLANG_WARN_QUOTED_INCLUDE_IN_FRAMEWORK_HEADER = YES;
				CLANG_WARN_RANGE_LOOP_ANALYSIS = YES;
				CLANG_WARN_STRICT_PROTOTYPES = YES;
				CLANG_WARN_SUSPICIOUS_MOVE = YES;
				CLANG_WARN_UNGUARDED_AVAILABILITY = YES_AGGRESSIVE;
				CLANG_WARN_UNREACHABLE_CODE = YES;
				CLANG_WARN__DUPLICATE_METHOD_MATCH = YES;
				COPY_PHASE_STRIP = NO;
				DEBUG_INFORMATION_FORMAT = "dwarf-with-dsym";
				ENABLE_NS_ASSERTIONS = NO;
				ENABLE_STRICT_OBJC_MSGSEND = YES;
				GCC_C_LANGUAGE_STANDARD = gnu11;
				GCC_NO_COMMON_BLOCKS = YES;
				GCC_WARN_64_TO_32_BIT_CONVERSION = YES;
				GCC_WARN_ABOUT_RETURN_TYPE = YES_ERROR;
				GCC_WARN_UNDECLARED_SELECTOR = YES;
				GCC_WARN_UNINITIALIZED_AUTOS = YES_AGGRESSIVE;
				GCC_WARN_UNUSED_FUNCTION = YES;
				GCC_WARN_UNUSED_VARIABLE = YES;
				IPHONEOS_DEPLOYMENT_TARGET = 15.0;
				MTL_ENABLE_DEBUG_INFO = NO;
				MTL_FAST_MATH = YES;
				SDKROOT = iphoneos;
				SWIFT_COMPILATION_MODE = wholemodule;
				SWIFT_OPTIMIZATION_LEVEL = "-O";
				SWIFT_VERSION = 5.0;
				VALIDATE_PRODUCT = YES;
			};
			name = Release;
		};
		D00F76F02700A4710093E2E4 /* Debug */ = {
			isa = XCBuildConfiguration;
			baseConfigurationReference = 20706E40DFB7E930CF5C4680 /* Pods-TodayInSpaceHistory.debug.xcconfig */;
			buildSettings = {
				ASSETCATALOG_COMPILER_APPICON_NAME = AppIcon;
				ASSETCATALOG_COMPILER_GLOBAL_ACCENT_COLOR_NAME = AccentColor;
				CODE_SIGN_STYLE = Automatic;
				CURRENT_PROJECT_VERSION = 1;
				DEVELOPMENT_TEAM = PNR29ZCK6M;
				GENERATE_INFOPLIST_FILE = YES;
				INFOPLIST_FILE = TodayInSpaceHistory/Info.plist;
				INFOPLIST_KEY_UIApplicationSupportsIndirectInputEvents = YES;
				INFOPLIST_KEY_UILaunchStoryboardName = LaunchScreen;
				INFOPLIST_KEY_UISupportedInterfaceOrientations = UIInterfaceOrientationPortrait;
				INFOPLIST_KEY_UISupportedInterfaceOrientations_iPad = "UIInterfaceOrientationPortrait UIInterfaceOrientationPortraitUpsideDown UIInterfaceOrientationLandscapeLeft UIInterfaceOrientationLandscapeRight";
				INFOPLIST_KEY_UISupportedInterfaceOrientations_iPhone = "UIInterfaceOrientationPortrait UIInterfaceOrientationLandscapeLeft UIInterfaceOrientationLandscapeRight";
				IPHONEOS_DEPLOYMENT_TARGET = 13.0;
				LD_RUNPATH_SEARCH_PATHS = (
					"$(inherited)",
					"@executable_path/Frameworks",
				);
				MARKETING_VERSION = 1.0;
				PRODUCT_BUNDLE_IDENTIFIER = miko.TodayInSpaceHistory;
				PRODUCT_NAME = "$(TARGET_NAME)";
				SWIFT_EMIT_LOC_STRINGS = YES;
				SWIFT_VERSION = 5.0;
				TARGETED_DEVICE_FAMILY = "1,2";
			};
			name = Debug;
		};
		D00F76F12700A4710093E2E4 /* Release */ = {
			isa = XCBuildConfiguration;
			baseConfigurationReference = 0C3E17BD098290C55EDC44FF /* Pods-TodayInSpaceHistory.release.xcconfig */;
			buildSettings = {
				ASSETCATALOG_COMPILER_APPICON_NAME = AppIcon;
				ASSETCATALOG_COMPILER_GLOBAL_ACCENT_COLOR_NAME = AccentColor;
				CODE_SIGN_STYLE = Automatic;
				CURRENT_PROJECT_VERSION = 1;
				DEVELOPMENT_TEAM = PNR29ZCK6M;
				GENERATE_INFOPLIST_FILE = YES;
				INFOPLIST_FILE = TodayInSpaceHistory/Info.plist;
				INFOPLIST_KEY_UIApplicationSupportsIndirectInputEvents = YES;
				INFOPLIST_KEY_UILaunchStoryboardName = LaunchScreen;
				INFOPLIST_KEY_UISupportedInterfaceOrientations = UIInterfaceOrientationPortrait;
				INFOPLIST_KEY_UISupportedInterfaceOrientations_iPad = "UIInterfaceOrientationPortrait UIInterfaceOrientationPortraitUpsideDown UIInterfaceOrientationLandscapeLeft UIInterfaceOrientationLandscapeRight";
				INFOPLIST_KEY_UISupportedInterfaceOrientations_iPhone = "UIInterfaceOrientationPortrait UIInterfaceOrientationLandscapeLeft UIInterfaceOrientationLandscapeRight";
				IPHONEOS_DEPLOYMENT_TARGET = 13.0;
				LD_RUNPATH_SEARCH_PATHS = (
					"$(inherited)",
					"@executable_path/Frameworks",
				);
				MARKETING_VERSION = 1.0;
				PRODUCT_BUNDLE_IDENTIFIER = miko.TodayInSpaceHistory;
				PRODUCT_NAME = "$(TARGET_NAME)";
				SWIFT_EMIT_LOC_STRINGS = YES;
				SWIFT_VERSION = 5.0;
				TARGETED_DEVICE_FAMILY = "1,2";
			};
			name = Release;
		};
/* End XCBuildConfiguration section */

/* Begin XCConfigurationList section */
		D00F76D62700A4700093E2E4 /* Build configuration list for PBXProject "TodayInSpaceHistory" */ = {
			isa = XCConfigurationList;
			buildConfigurations = (
				D00F76ED2700A4710093E2E4 /* Debug */,
				D00F76EE2700A4710093E2E4 /* Release */,
			);
			defaultConfigurationIsVisible = 0;
			defaultConfigurationName = Release;
		};
		D00F76EF2700A4710093E2E4 /* Build configuration list for PBXNativeTarget "TodayInSpaceHistory" */ = {
			isa = XCConfigurationList;
			buildConfigurations = (
				D00F76F02700A4710093E2E4 /* Debug */,
				D00F76F12700A4710093E2E4 /* Release */,
			);
			defaultConfigurationIsVisible = 0;
			defaultConfigurationName = Release;
		};
/* End XCConfigurationList section */
	};
	rootObject = D00F76D32700A4700093E2E4 /* Project object */;
}
